
Microsoft Visual Studio Solution File, Format Version 12.00
# Visual Studio Version 17
VisualStudioVersion = 17.6.33815.320
MinimumVisualStudioVersion = 10.0.40219.1
Project("{FAE04EC0-301F-11D3-BF4B-00C04F79EFBC}") = "ESG-Kata", "ESG-Kata\ESG-Kata.csproj", "{DC73F33C-1216-4A6B-B492-1ECCAA57A6BA}"
EndProject
Project("{FAE04EC0-301F-11D3-BF4B-00C04F79EFBC}") = "ESG-Kata-Tests", "ESG-Kata-Tests\ESG-Kata-Tests.csproj", "{3AEB69E8-B8F7-42A4-994E-94E9C60C1AF3}"
EndProject
Global
	GlobalSection(SolutionConfigurationPlatforms) = preSolution
		Debug|Any CPU = Debug|Any CPU
		Release|Any CPU = Release|Any CPU
	EndGlobalSection
	GlobalSection(ProjectConfigurationPlatforms) = postSolution
		{DC73F33C-1216-4A6B-B492-1ECCAA57A6BA}.Debug|Any CPU.ActiveCfg = Debug|Any CPU
		{DC73F33C-1216-4A6B-B492-1ECCAA57A6BA}.Debug|Any CPU.Build.0 = Debug|Any CPU
		{DC73F33C-1216-4A6B-B492-1ECCAA57A6BA}.Release|Any CPU.ActiveCfg = Release|Any CPU
		{DC73F33C-1216-4A6B-B492-1ECCAA57A6BA}.Release|Any CPU.Build.0 = Release|Any CPU
		{3AEB69E8-B8F7-42A4-994E-94E9C60C1AF3}.Debug|Any CPU.ActiveCfg = Debug|Any CPU
		{3AEB69E8-B8F7-42A4-994E-94E9C60C1AF3}.Debug|Any CPU.Build.0 = Debug|Any CPU
		{3AEB69E8-B8F7-42A4-994E-94E9C60C1AF3}.Release|Any CPU.ActiveCfg = Release|Any CPU
		{3AEB69E8-B8F7-42A4-994E-94E9C60C1AF3}.Release|Any CPU.Build.0 = Release|Any CPU
	EndGlobalSection
	GlobalSection(SolutionProperties) = preSolution
		HideSolutionNode = FALSE
	EndGlobalSection
	GlobalSection(ExtensibilityGlobals) = postSolution
		SolutionGuid = {990C365D-08B4-4AF2-9854-3EF634C594E8}
	EndGlobalSection
EndGlobal
